
Microsoft Visual Studio Solution File, Format Version 12.00
# Visual Studio Version 16
VisualStudioVersion = 16.0.31829.152
MinimumVisualStudioVersion = 10.0.40219.1
Project("{FAE04EC0-301F-11D3-BF4B-00C04F79EFBC}") = "Webapi", "Webapi.csproj", "{57AB0380-550C-4842-8713-D3108550A19B}"
EndProject
Global
	GlobalSection(SolutionConfigurationPlatforms) = preSolution
		Debug|Any CPU = Debug|Any CPU
		Release|Any CPU = Release|Any CPU
	EndGlobalSection
	GlobalSection(ProjectConfigurationPlatforms) = postSolution
		{57AB0380-550C-4842-8713-D3108550A19B}.Debug|Any CPU.ActiveCfg = Debug|Any CPU
		{57AB0380-550C-4842-8713-D3108550A19B}.Debug|Any CPU.Build.0 = Debug|Any CPU
		{57AB0380-550C-4842-8713-D3108550A19B}.Release|Any CPU.ActiveCfg = Release|Any CPU
		{57AB0380-550C-4842-8713-D3108550A19B}.Release|Any CPU.Build.0 = Release|Any CPU
	EndGlobalSection
	GlobalSection(SolutionProperties) = preSolution
		HideSolutionNode = FALSE
	EndGlobalSection
	GlobalSection(ExtensibilityGlobals) = postSolution
		SolutionGuid = {5E6B7AA0-D90D-41A3-ACCF-DFCF9213F0AF}
	EndGlobalSection
EndGlobal
